// !$*UTF8*$!
{
	archiveVersion = 1;
	classes = {
	};
	objectVersion = 56;
	objects = {

/* Begin PBXBuildFile section */
		263E27682B0E53C600DD869A /* wandering_creativesApp.swift in Sources */ = {isa = PBXBuildFile; fileRef = 263E27672B0E53C600DD869A /* wandering_creativesApp.swift */; };
		263E276A2B0E53C600DD869A /* ContentView.swift in Sources */ = {isa = PBXBuildFile; fileRef = 263E27692B0E53C600DD869A /* ContentView.swift */; };
		263E276C2B0E53C700DD869A /* Assets.xcassets in Resources */ = {isa = PBXBuildFile; fileRef = 263E276B2B0E53C700DD869A /* Assets.xcassets */; };
		263E276F2B0E53C700DD869A /* Preview Assets.xcassets in Resources */ = {isa = PBXBuildFile; fileRef = 263E276E2B0E53C700DD869A /* Preview Assets.xcassets */; };
		263E27762B0E552C00DD869A /* LoginView.swift in Sources */ = {isa = PBXBuildFile; fileRef = 263E27752B0E552C00DD869A /* LoginView.swift */; };
		263E27782B0E55AB00DD869A /* HomeView.swift in Sources */ = {isa = PBXBuildFile; fileRef = 263E27772B0E55AB00DD869A /* HomeView.swift */; };
		263E277A2B0E661400DD869A /* AboutView.swift in Sources */ = {isa = PBXBuildFile; fileRef = 263E27792B0E661400DD869A /* AboutView.swift */; };
		263E277C2B0E6D3900DD869A /* JobsView.swift in Sources */ = {isa = PBXBuildFile; fileRef = 263E277B2B0E6D3900DD869A /* JobsView.swift */; };
		263E277E2B0E6F7700DD869A /* jobs.swift in Sources */ = {isa = PBXBuildFile; fileRef = 263E277D2B0E6F7700DD869A /* jobs.swift */; };
		263E27802B0E74F200DD869A /* PortfolioView.swift in Sources */ = {isa = PBXBuildFile; fileRef = 263E277F2B0E74F200DD869A /* PortfolioView.swift */; };
		263E27822B0E82D300DD869A /* CoursesView.swift in Sources */ = {isa = PBXBuildFile; fileRef = 263E27812B0E82D300DD869A /* CoursesView.swift */; };
/* End PBXBuildFile section */

/* Begin PBXFileReference section */
		263E27642B0E53C600DD869A /* wandering-creatives.app */ = {isa = PBXFileReference; explicitFileType = wrapper.application; includeInIndex = 0; path = "wandering-creatives.app"; sourceTree = BUILT_PRODUCTS_DIR; };
		263E27672B0E53C600DD869A /* wandering_creativesApp.swift */ = {isa = PBXFileReference; lastKnownFileType = sourcecode.swift; path = wandering_creativesApp.swift; sourceTree = "<group>"; };
		263E27692B0E53C600DD869A /* ContentView.swift */ = {isa = PBXFileReference; lastKnownFileType = sourcecode.swift; path = ContentView.swift; sourceTree = "<group>"; };
		263E276B2B0E53C700DD869A /* Assets.xcassets */ = {isa = PBXFileReference; lastKnownFileType = folder.assetcatalog; path = Assets.xcassets; sourceTree = "<group>"; };
		263E276E2B0E53C700DD869A /* Preview Assets.xcassets */ = {isa = PBXFileReference; lastKnownFileType = folder.assetcatalog; path = "Preview Assets.xcassets"; sourceTree = "<group>"; };
		263E27752B0E552C00DD869A /* LoginView.swift */ = {isa = PBXFileReference; lastKnownFileType = sourcecode.swift; path = LoginView.swift; sourceTree = "<group>"; };
		263E27772B0E55AB00DD869A /* HomeView.swift */ = {isa = PBXFileReference; lastKnownFileType = sourcecode.swift; path = HomeView.swift; sourceTree = "<group>"; };
		263E27792B0E661400DD869A /* AboutView.swift */ = {isa = PBXFileReference; lastKnownFileType = sourcecode.swift; path = AboutView.swift; sourceTree = "<group>"; };
		263E277B2B0E6D3900DD869A /* JobsView.swift */ = {isa = PBXFileReference; lastKnownFileType = sourcecode.swift; path = JobsView.swift; sourceTree = "<group>"; };
		263E277D2B0E6F7700DD869A /* jobs.swift */ = {isa = PBXFileReference; lastKnownFileType = sourcecode.swift; path = jobs.swift; sourceTree = "<group>"; };
		263E277F2B0E74F200DD869A /* PortfolioView.swift */ = {isa = PBXFileReference; lastKnownFileType = sourcecode.swift; path = PortfolioView.swift; sourceTree = "<group>"; };
		263E27812B0E82D300DD869A /* CoursesView.swift */ = {isa = PBXFileReference; lastKnownFileType = sourcecode.swift; path = CoursesView.swift; sourceTree = "<group>"; };
/* End PBXFileReference section */

/* Begin PBXFrameworksBuildPhase section */
		263E27612B0E53C600DD869A /* Frameworks */ = {
			isa = PBXFrameworksBuildPhase;
			buildActionMask = 2147483647;
			files = (
			);
			runOnlyForDeploymentPostprocessing = 0;
		};
/* End PBXFrameworksBuildPhase section */

/* Begin PBXGroup section */
		263E275B2B0E53C600DD869A = {
			isa = PBXGroup;
			children = (
				263E27662B0E53C600DD869A /* wandering-creatives */,
				263E27652B0E53C600DD869A /* Products */,
			);
			sourceTree = "<group>";
		};
		263E27652B0E53C600DD869A /* Products */ = {
			isa = PBXGroup;
			children = (
				263E27642B0E53C600DD869A /* wandering-creatives.app */,
			);
			name = Products;
			sourceTree = "<group>";
		};
		263E27662B0E53C600DD869A /* wandering-creatives */ = {
			isa = PBXGroup;
			children = (
				263E27672B0E53C600DD869A /* wandering_creativesApp.swift */,
				263E27752B0E552C00DD869A /* LoginView.swift */,
				263E27692B0E53C600DD869A /* ContentView.swift */,
				263E27812B0E82D300DD869A /* CoursesView.swift */,
				263E277F2B0E74F200DD869A /* PortfolioView.swift */,
				263E277B2B0E6D3900DD869A /* JobsView.swift */,
				263E27792B0E661400DD869A /* AboutView.swift */,
				263E27772B0E55AB00DD869A /* HomeView.swift */,
				263E277D2B0E6F7700DD869A /* jobs.swift */,
				263E276B2B0E53C700DD869A /* Assets.xcassets */,
				263E276D2B0E53C700DD869A /* Preview Content */,
			);
			path = "wandering-creatives";
			sourceTree = "<group>";
		};
		263E276D2B0E53C700DD869A /* Preview Content */ = {
			isa = PBXGroup;
			children = (
				263E276E2B0E53C700DD869A /* Preview Assets.xcassets */,
			);
			path = "Preview Content";
			sourceTree = "<group>";
		};
/* End PBXGroup section */

/* Begin PBXNativeTarget section */
		263E27632B0E53C600DD869A /* wandering-creatives */ = {
			isa = PBXNativeTarget;
			buildConfigurationList = 263E27722B0E53C700DD869A /* Build configuration list for PBXNativeTarget "wandering-creatives" */;
			buildPhases = (
				263E27602B0E53C600DD869A /* Sources */,
				263E27612B0E53C600DD869A /* Frameworks */,
				263E27622B0E53C600DD869A /* Resources */,
			);
			buildRules = (
			);
			dependencies = (
			);
			name = "wandering-creatives";
			productName = "wandering-creatives";
			productReference = 263E27642B0E53C600DD869A /* wandering-creatives.app */;
			productType = "com.apple.product-type.application";
		};
/* End PBXNativeTarget section */

/* Begin PBXProject section */
		263E275C2B0E53C600DD869A /* Project object */ = {
			isa = PBXProject;
			attributes = {
				BuildIndependentTargetsInParallel = 1;
				LastSwiftUpdateCheck = 1500;
				LastUpgradeCheck = 1500;
				TargetAttributes = {
					263E27632B0E53C600DD869A = {
						CreatedOnToolsVersion = 15.0.1;
					};
				};
			};
			buildConfigurationList = 263E275F2B0E53C600DD869A /* Build configuration list for PBXProject "wandering-creatives" */;
			compatibilityVersion = "Xcode 14.0";
			developmentRegion = en;
			hasScannedForEncodings = 0;
			knownRegions = (
				en,
				Base,
			);
			mainGroup = 263E275B2B0E53C600DD869A;
			productRefGroup = 263E27652B0E53C600DD869A /* Products */;
			projectDirPath = "";
			projectRoot = "";
			targets = (
				263E27632B0E53C600DD869A /* wandering-creatives */,
			);
		};
/* End PBXProject section */

/* Begin PBXResourcesBuildPhase section */
		263E27622B0E53C600DD869A /* Resources */ = {
			isa = PBXResourcesBuildPhase;
			buildActionMask = 2147483647;
			files = (
				263E276F2B0E53C700DD869A /* Preview Assets.xcassets in Resources */,
				263E276C2B0E53C700DD869A /* Assets.xcassets in Resources */,
			);
			runOnlyForDeploymentPostprocessing = 0;
		};
/* End PBXResourcesBuildPhase section */

/* Begin PBXSourcesBuildPhase section */
		263E27602B0E53C600DD869A /* Sources */ = {
			isa = PBXSourcesBuildPhase;
			buildActionMask = 2147483647;
			files = (
				263E27782B0E55AB00DD869A /* HomeView.swift in Sources */,
				263E27762B0E552C00DD869A /* LoginView.swift in Sources */,
				263E277C2B0E6D3900DD869A /* JobsView.swift in Sources */,
				263E276A2B0E53C600DD869A /* ContentView.swift in Sources */,
				263E27682B0E53C600DD869A /* wandering_creativesApp.swift in Sources */,
				263E277A2B0E661400DD869A /* AboutView.swift in Sources */,
				263E277E2B0E6F7700DD869A /* jobs.swift in Sources */,
				263E27802B0E74F200DD869A /* PortfolioView.swift in Sources */,
				263E27822B0E82D300DD869A /* CoursesView.swift in Sources */,
			);
			runOnlyForDeploymentPostprocessing = 0;
		};
/* End PBXSourcesBuildPhase section */

/* Begin XCBuildConfiguration section */
		263E27702B0E53C700DD869A /* Debug */ = {
			isa = XCBuildConfiguration;
			buildSettings = {
				ALWAYS_SEARCH_USER_PATHS = NO;
				ASSETCATALOG_COMPILER_GENERATE_SWIFT_ASSET_SYMBOL_EXTENSIONS = YES;
				CLANG_ANALYZER_NONNULL = YES;
				CLANG_ANALYZER_NUMBER_OBJECT_CONVERSION = YES_AGGRESSIVE;
				CLANG_CXX_LANGUAGE_STANDARD = "gnu++20";
				CLANG_ENABLE_MODULES = YES;
				CLANG_ENABLE_OBJC_ARC = YES;
				CLANG_ENABLE_OBJC_WEAK = YES;
				CLANG_WARN_BLOCK_CAPTURE_AUTORELEASING = YES;
				CLANG_WARN_BOOL_CONVERSION = YES;
				CLANG_WARN_COMMA = YES;
				CLANG_WARN_CONSTANT_CONVERSION = YES;
				CLANG_WARN_DEPRECATED_OBJC_IMPLEMENTATIONS = YES;
				CLANG_WARN_DIRECT_OBJC_ISA_USAGE = YES_ERROR;
				CLANG_WARN_DOCUMENTATION_COMMENTS = YES;
				CLANG_WARN_EMPTY_BODY = YES;
				CLANG_WARN_ENUM_CONVERSION = YES;
				CLANG_WARN_INFINITE_RECURSION = YES;
				CLANG_WARN_INT_CONVERSION = YES;
				CLANG_WARN_NON_LITERAL_NULL_CONVERSION = YES;
				CLANG_WARN_OBJC_IMPLICIT_RETAIN_SELF = YES;
				CLANG_WARN_OBJC_LITERAL_CONVERSION = YES;
				CLANG_WARN_OBJC_ROOT_CLASS = YES_ERROR;
				CLANG_WARN_QUOTED_INCLUDE_IN_FRAMEWORK_HEADER = YES;
				CLANG_WARN_RANGE_LOOP_ANALYSIS = YES;
				CLANG_WARN_STRICT_PROTOTYPES = YES;
				CLANG_WARN_SUSPICIOUS_MOVE = YES;
				CLANG_WARN_UNGUARDED_AVAILABILITY = YES_AGGRESSIVE;
				CLANG_WARN_UNREACHABLE_CODE = YES;
				CLANG_WARN__DUPLICATE_METHOD_MATCH = YES;
				COPY_PHASE_STRIP = NO;
				DEBUG_INFORMATION_FORMAT = dwarf;
				ENABLE_STRICT_OBJC_MSGSEND = YES;
				ENABLE_TESTABILITY = YES;
				ENABLE_USER_SCRIPT_SANDBOXING = YES;
				GCC_C_LANGUAGE_STANDARD = gnu17;
				GCC_DYNAMIC_NO_PIC = NO;
				GCC_NO_COMMON_BLOCKS = YES;
				GCC_OPTIMIZATION_LEVEL = 0;
				GCC_PREPROCESSOR_DEFINITIONS = (
					"DEBUG=1",
					"$(inherited)",
				);
				GCC_WARN_64_TO_32_BIT_CONVERSION = YES;
				GCC_WARN_ABOUT_RETURN_TYPE = YES_ERROR;
				GCC_WARN_UNDECLARED_SELECTOR = YES;
				GCC_WARN_UNINITIALIZED_AUTOS = YES_AGGRESSIVE;
				GCC_WARN_UNUSED_FUNCTION = YES;
				GCC_WARN_UNUSED_VARIABLE = YES;
				IPHONEOS_DEPLOYMENT_TARGET = 17.0;
				LOCALIZATION_PREFERS_STRING_CATALOGS = YES;
				MTL_ENABLE_DEBUG_INFO = INCLUDE_SOURCE;
				MTL_FAST_MATH = YES;
				ONLY_ACTIVE_ARCH = YES;
				SDKROOT = iphoneos;
				SWIFT_ACTIVE_COMPILATION_CONDITIONS = "DEBUG $(inherited)";
				SWIFT_OPTIMIZATION_LEVEL = "-Onone";
			};
			name = Debug;
		};
		263E27712B0E53C700DD869A /* Release */ = {
			isa = XCBuildConfiguration;
			buildSettings = {
				ALWAYS_SEARCH_USER_PATHS = NO;
				ASSETCATALOG_COMPILER_GENERATE_SWIFT_ASSET_SYMBOL_EXTENSIONS = YES;
				CLANG_ANALYZER_NONNULL = YES;
				CLANG_ANALYZER_NUMBER_OBJECT_CONVERSION = YES_AGGRESSIVE;
				CLANG_CXX_LANGUAGE_STANDARD = "gnu++20";
				CLANG_ENABLE_MODULES = YES;
				CLANG_ENABLE_OBJC_ARC = YES;
				CLANG_ENABLE_OBJC_WEAK = YES;
				CLANG_WARN_BLOCK_CAPTURE_AUTORELEASING = YES;
				CLANG_WARN_BOOL_CONVERSION = YES;
				CLANG_WARN_COMMA = YES;
				CLANG_WARN_CONSTANT_CONVERSION = YES;
				CLANG_WARN_DEPRECATED_OBJC_IMPLEMENTATIONS = YES;
				CLANG_WARN_DIRECT_OBJC_ISA_USAGE = YES_ERROR;
				CLANG_WARN_DOCUMENTATION_COMMENTS = YES;
				CLANG_WARN_EMPTY_BODY = YES;
				CLANG_WARN_ENUM_CONVERSION = YES;
				CLANG_WARN_INFINITE_RECURSION = YES;
				CLANG_WARN_INT_CONVERSION = YES;
				CLANG_WARN_NON_LITERAL_NULL_CONVERSION = YES;
				CLANG_WARN_OBJC_IMPLICIT_RETAIN_SELF = YES;
				CLANG_WARN_OBJC_LITERAL_CONVERSION = YES;
				CLANG_WARN_OBJC_ROOT_CLASS = YES_ERROR;
				CLANG_WARN_QUOTED_INCLUDE_IN_FRAMEWORK_HEADER = YES;
				CLANG_WARN_RANGE_LOOP_ANALYSIS = YES;
				CLANG_WARN_STRICT_PROTOTYPES = YES;
				CLANG_WARN_SUSPICIOUS_MOVE = YES;
				CLANG_WARN_UNGUARDED_AVAILABILITY = YES_AGGRESSIVE;
				CLANG_WARN_UNREACHABLE_CODE = YES;
				CLANG_WARN__DUPLICATE_METHOD_MATCH = YES;
				COPY_PHASE_STRIP = NO;
				DEBUG_INFORMATION_FORMAT = "dwarf-with-dsym";
				ENABLE_NS_ASSERTIONS = NO;
				ENABLE_STRICT_OBJC_MSGSEND = YES;
				ENABLE_USER_SCRIPT_SANDBOXING = YES;
				GCC_C_LANGUAGE_STANDARD = gnu17;
				GCC_NO_COMMON_BLOCKS = YES;
				GCC_WARN_64_TO_32_BIT_CONVERSION = YES;
				GCC_WARN_ABOUT_RETURN_TYPE = YES_ERROR;
				GCC_WARN_UNDECLARED_SELECTOR = YES;
				GCC_WARN_UNINITIALIZED_AUTOS = YES_AGGRESSIVE;
				GCC_WARN_UNUSED_FUNCTION = YES;
				GCC_WARN_UNUSED_VARIABLE = YES;
				IPHONEOS_DEPLOYMENT_TARGET = 17.0;
				LOCALIZATION_PREFERS_STRING_CATALOGS = YES;
				MTL_ENABLE_DEBUG_INFO = NO;
				MTL_FAST_MATH = YES;
				SDKROOT = iphoneos;
				SWIFT_COMPILATION_MODE = wholemodule;
				VALIDATE_PRODUCT = YES;
			};
			name = Release;
		};
		263E27732B0E53C700DD869A /* Debug */ = {
			isa = XCBuildConfiguration;
			buildSettings = {
				ASSETCATALOG_COMPILER_APPICON_NAME = AppIcon;
				ASSETCATALOG_COMPILER_GLOBAL_ACCENT_COLOR_NAME = AccentColor;
				CODE_SIGN_STYLE = Automatic;
				CURRENT_PROJECT_VERSION = 1;
				DEVELOPMENT_ASSET_PATHS = "\"wandering-creatives/Preview Content\"";
				DEVELOPMENT_TEAM = 5HQC5SA6KM;
				ENABLE_PREVIEWS = YES;
				GENERATE_INFOPLIST_FILE = YES;
				INFOPLIST_KEY_UIApplicationSceneManifest_Generation = YES;
				INFOPLIST_KEY_UIApplicationSupportsIndirectInputEvents = YES;
				INFOPLIST_KEY_UILaunchScreen_Generation = YES;
				INFOPLIST_KEY_UISupportedInterfaceOrientations_iPad = "UIInterfaceOrientationPortrait UIInterfaceOrientationPortraitUpsideDown UIInterfaceOrientationLandscapeLeft UIInterfaceOrientationLandscapeRight";
				INFOPLIST_KEY_UISupportedInterfaceOrientations_iPhone = "UIInterfaceOrientationPortrait UIInterfaceOrientationLandscapeLeft UIInterfaceOrientationLandscapeRight";
				LD_RUNPATH_SEARCH_PATHS = (
					"$(inherited)",
					"@executable_path/Frameworks",
				);
				MARKETING_VERSION = 1.0;
				PRODUCT_BUNDLE_IDENTIFIER = "com.rp.wandering-creatives";
				PRODUCT_NAME = "$(TARGET_NAME)";
				SWIFT_EMIT_LOC_STRINGS = YES;
				SWIFT_VERSION = 5.0;
				TARGETED_DEVICE_FAMILY = "1,2";
			};
			name = Debug;
		};
		263E27742B0E53C700DD869A /* Release */ = {
			isa = XCBuildConfiguration;
			buildSettings = {
				ASSETCATALOG_COMPILER_APPICON_NAME = AppIcon;
				ASSETCATALOG_COMPILER_GLOBAL_ACCENT_COLOR_NAME = AccentColor;
				CODE_SIGN_STYLE = Automatic;
				CURRENT_PROJECT_VERSION = 1;
				DEVELOPMENT_ASSET_PATHS = "\"wandering-creatives/Preview Content\"";
				DEVELOPMENT_TEAM = 5HQC5SA6KM;
				ENABLE_PREVIEWS = YES;
				GENERATE_INFOPLIST_FILE = YES;
				INFOPLIST_KEY_UIApplicationSceneManifest_Generation = YES;
				INFOPLIST_KEY_UIApplicationSupportsIndirectInputEvents = YES;
				INFOPLIST_KEY_UILaunchScreen_Generation = YES;
				INFOPLIST_KEY_UISupportedInterfaceOrientations_iPad = "UIInterfaceOrientationPortrait UIInterfaceOrientationPortraitUpsideDown UIInterfaceOrientationLandscapeLeft UIInterfaceOrientationLandscapeRight";
				INFOPLIST_KEY_UISupportedInterfaceOrientations_iPhone = "UIInterfaceOrientationPortrait UIInterfaceOrientationLandscapeLeft UIInterfaceOrientationLandscapeRight";
				LD_RUNPATH_SEARCH_PATHS = (
					"$(inherited)",
					"@executable_path/Frameworks",
				);
				MARKETING_VERSION = 1.0;
				PRODUCT_BUNDLE_IDENTIFIER = "com.rp.wandering-creatives";
				PRODUCT_NAME = "$(TARGET_NAME)";
				SWIFT_EMIT_LOC_STRINGS = YES;
				SWIFT_VERSION = 5.0;
				TARGETED_DEVICE_FAMILY = "1,2";
			};
			name = Release;
		};
/* End XCBuildConfiguration section */

/* Begin XCConfigurationList section */
		263E275F2B0E53C600DD869A /* Build configuration list for PBXProject "wandering-creatives" */ = {
			isa = XCConfigurationList;
			buildConfigurations = (
				263E27702B0E53C700DD869A /* Debug */,
				263E27712B0E53C700DD869A /* Release */,
			);
			defaultConfigurationIsVisible = 0;
			defaultConfigurationName = Release;
		};
		263E27722B0E53C700DD869A /* Build configuration list for PBXNativeTarget "wandering-creatives" */ = {
			isa = XCConfigurationList;
			buildConfigurations = (
				263E27732B0E53C700DD869A /* Debug */,
				263E27742B0E53C700DD869A /* Release */,
			);
			defaultConfigurationIsVisible = 0;
			defaultConfigurationName = Release;
		};
/* End XCConfigurationList section */
	};
	rootObject = 263E275C2B0E53C600DD869A /* Project object */;
}
